
Microsoft Visual Studio Solution File, Format Version 12.00
# Visual Studio 15
VisualStudioVersion = 15.0.27703.2018
MinimumVisualStudioVersion = 10.0.40219.1
Project("{2150E333-8FDC-42A3-9474-1A3956D46DE8}") = "Source", "Source", "{8BA163B0-1F4A-4323-841E-FB101787B12E}"
EndProject
Project("{2150E333-8FDC-42A3-9474-1A3956D46DE8}") = "Tests", "Tests", "{CB11CFF2-F9AC-4F79-B2B1-370CE02C15A3}"
EndProject
Project("{9A19103F-16F7-4668-BE54-9A1E7A4F7556}") = "HCAM.API", "HCAM.API\HCAM.API.csproj", "{08DB0FEA-0CB7-4F9E-933D-ED546628E23B}"
EndProject
Project("{9A19103F-16F7-4668-BE54-9A1E7A4F7556}") = "HCAM.Core.BL", "HCAM.Core.BL\HCAM.Core.BL.csproj", "{B1BC2742-6960-4696-A072-9FEB56012BC7}"
EndProject
Project("{2150E333-8FDC-42A3-9474-1A3956D46DE8}") = "UI", "UI", "{E70961E6-A5D0-49B3-BFF9-E1F87648300F}"
	ProjectSection(SolutionItems) = preProject
		TODO.txt = TODO.txt
	EndProjectSection
EndProject
Project("{9A19103F-16F7-4668-BE54-9A1E7A4F7556}") = "HCAM.RepoDb.Dal", "HCAM.RepoDb.Dal\HCAM.RepoDb.Dal.csproj", "{B75C1A83-6B0B-41C6-8D6B-D8D9E30E926A}"
EndProject
Project("{9A19103F-16F7-4668-BE54-9A1E7A4F7556}") = "HCAM.RepoDb.Dal.Tests", "HCAM.RepoDb.Dal.Tests\HCAM.RepoDb.Dal.Tests.csproj", "{B30B3507-A858-43F2-858C-2BE297BA6762}"
EndProject
Project("{9A19103F-16F7-4668-BE54-9A1E7A4F7556}") = "HCAM.Common", "HCAM.Common\HCAM.Common.csproj", "{F32AFE57-8EFD-41E3-8420-4859F0A8C3F8}"
EndProject
Project("{FAE04EC0-301F-11D3-BF4B-00C04F79EFBC}") = "HCAM.Core.BL.Tests", "HCAM.Core.BL.Tests\HCAM.Core.BL.Tests.csproj", "{83D44710-4DBE-4B5B-B028-2F923CB47C6D}"
EndProject
Global
	GlobalSection(SolutionConfigurationPlatforms) = preSolution
		Debug|Any CPU = Debug|Any CPU
		Release|Any CPU = Release|Any CPU
	EndGlobalSection
	GlobalSection(ProjectConfigurationPlatforms) = postSolution
		{08DB0FEA-0CB7-4F9E-933D-ED546628E23B}.Debug|Any CPU.ActiveCfg = Debug|Any CPU
		{08DB0FEA-0CB7-4F9E-933D-ED546628E23B}.Debug|Any CPU.Build.0 = Debug|Any CPU
		{08DB0FEA-0CB7-4F9E-933D-ED546628E23B}.Release|Any CPU.ActiveCfg = Release|Any CPU
		{08DB0FEA-0CB7-4F9E-933D-ED546628E23B}.Release|Any CPU.Build.0 = Release|Any CPU
		{B1BC2742-6960-4696-A072-9FEB56012BC7}.Debug|Any CPU.ActiveCfg = Debug|Any CPU
		{B1BC2742-6960-4696-A072-9FEB56012BC7}.Debug|Any CPU.Build.0 = Debug|Any CPU
		{B1BC2742-6960-4696-A072-9FEB56012BC7}.Release|Any CPU.ActiveCfg = Release|Any CPU
		{B1BC2742-6960-4696-A072-9FEB56012BC7}.Release|Any CPU.Build.0 = Release|Any CPU
		{B75C1A83-6B0B-41C6-8D6B-D8D9E30E926A}.Debug|Any CPU.ActiveCfg = Debug|Any CPU
		{B75C1A83-6B0B-41C6-8D6B-D8D9E30E926A}.Debug|Any CPU.Build.0 = Debug|Any CPU
		{B75C1A83-6B0B-41C6-8D6B-D8D9E30E926A}.Release|Any CPU.ActiveCfg = Release|Any CPU
		{B75C1A83-6B0B-41C6-8D6B-D8D9E30E926A}.Release|Any CPU.Build.0 = Release|Any CPU
		{B30B3507-A858-43F2-858C-2BE297BA6762}.Debug|Any CPU.ActiveCfg = Debug|Any CPU
		{B30B3507-A858-43F2-858C-2BE297BA6762}.Debug|Any CPU.Build.0 = Debug|Any CPU
		{B30B3507-A858-43F2-858C-2BE297BA6762}.Release|Any CPU.ActiveCfg = Release|Any CPU
		{B30B3507-A858-43F2-858C-2BE297BA6762}.Release|Any CPU.Build.0 = Release|Any CPU
		{F32AFE57-8EFD-41E3-8420-4859F0A8C3F8}.Debug|Any CPU.ActiveCfg = Debug|Any CPU
		{F32AFE57-8EFD-41E3-8420-4859F0A8C3F8}.Debug|Any CPU.Build.0 = Debug|Any CPU
		{F32AFE57-8EFD-41E3-8420-4859F0A8C3F8}.Release|Any CPU.ActiveCfg = Release|Any CPU
		{F32AFE57-8EFD-41E3-8420-4859F0A8C3F8}.Release|Any CPU.Build.0 = Release|Any CPU
		{83D44710-4DBE-4B5B-B028-2F923CB47C6D}.Debug|Any CPU.ActiveCfg = Debug|Any CPU
		{83D44710-4DBE-4B5B-B028-2F923CB47C6D}.Debug|Any CPU.Build.0 = Debug|Any CPU
		{83D44710-4DBE-4B5B-B028-2F923CB47C6D}.Release|Any CPU.ActiveCfg = Release|Any CPU
		{83D44710-4DBE-4B5B-B028-2F923CB47C6D}.Release|Any CPU.Build.0 = Release|Any CPU
	EndGlobalSection
	GlobalSection(SolutionProperties) = preSolution
		HideSolutionNode = FALSE
	EndGlobalSection
	GlobalSection(NestedProjects) = preSolution
		{08DB0FEA-0CB7-4F9E-933D-ED546628E23B} = {8BA163B0-1F4A-4323-841E-FB101787B12E}
		{B1BC2742-6960-4696-A072-9FEB56012BC7} = {8BA163B0-1F4A-4323-841E-FB101787B12E}
		{B75C1A83-6B0B-41C6-8D6B-D8D9E30E926A} = {8BA163B0-1F4A-4323-841E-FB101787B12E}
		{B30B3507-A858-43F2-858C-2BE297BA6762} = {CB11CFF2-F9AC-4F79-B2B1-370CE02C15A3}
		{F32AFE57-8EFD-41E3-8420-4859F0A8C3F8} = {8BA163B0-1F4A-4323-841E-FB101787B12E}
		{83D44710-4DBE-4B5B-B028-2F923CB47C6D} = {CB11CFF2-F9AC-4F79-B2B1-370CE02C15A3}
	EndGlobalSection
	GlobalSection(ExtensibilityGlobals) = postSolution
		SolutionGuid = {9C0713C1-56F9-4FAF-94F2-42A85A42BCB9}
	EndGlobalSection
EndGlobal
